// !$*UTF8*$!
{
	archiveVersion = 1;
	classes = {
	};
	objectVersion = 46;
	objects = {

/* Begin PBXBuildFile section */
		35217E691AD72523008A5EB6 /* shooter.m in Sources */ = {isa = PBXBuildFile; fileRef = 35217E681AD72523008A5EB6 /* shooter.m */; };
		354ACD941ACB5CA900F52C24 /* main.m in Sources */ = {isa = PBXBuildFile; fileRef = 354ACD931ACB5CA900F52C24 /* main.m */; };
		354ACD971ACB5CA900F52C24 /* AppDelegate.m in Sources */ = {isa = PBXBuildFile; fileRef = 354ACD961ACB5CA900F52C24 /* AppDelegate.m */; };
		354ACD9A1ACB5CA900F52C24 /* ViewController.m in Sources */ = {isa = PBXBuildFile; fileRef = 354ACD991ACB5CA900F52C24 /* ViewController.m */; };
		354ACD9D1ACB5CA900F52C24 /* Main.storyboard in Resources */ = {isa = PBXBuildFile; fileRef = 354ACD9B1ACB5CA900F52C24 /* Main.storyboard */; };
		354ACD9F1ACB5CA900F52C24 /* Images.xcassets in Resources */ = {isa = PBXBuildFile; fileRef = 354ACD9E1ACB5CA900F52C24 /* Images.xcassets */; };
		354ACDA21ACB5CA900F52C24 /* LaunchScreen.xib in Resources */ = {isa = PBXBuildFile; fileRef = 354ACDA01ACB5CA900F52C24 /* LaunchScreen.xib */; };
		354ACDAE1ACB5CA900F52C24 /* _70ProjTests.m in Sources */ = {isa = PBXBuildFile; fileRef = 354ACDAD1ACB5CA900F52C24 /* _70ProjTests.m */; };
		35678EA41AF58014007E5FCF /* Bolts.framework in Frameworks */ = {isa = PBXBuildFile; fileRef = 35678EA31AF58014007E5FCF /* Bolts.framework */; };
		35678EA81AF580CB007E5FCF /* AudioToolbox.framework in Frameworks */ = {isa = PBXBuildFile; fileRef = 35678EA71AF580CB007E5FCF /* AudioToolbox.framework */; };
		35678EAA1AF580D4007E5FCF /* CFNetwork.framework in Frameworks */ = {isa = PBXBuildFile; fileRef = 35678EA91AF580D4007E5FCF /* CFNetwork.framework */; };
		35678EAC1AF580DB007E5FCF /* CoreGraphics.framework in Frameworks */ = {isa = PBXBuildFile; fileRef = 35678EAB1AF580DB007E5FCF /* CoreGraphics.framework */; };
		35678EAE1AF580E2007E5FCF /* CoreLocation.framework in Frameworks */ = {isa = PBXBuildFile; fileRef = 35678EAD1AF580E2007E5FCF /* CoreLocation.framework */; };
		35678EB01AF580EB007E5FCF /* MobileCoreServices.framework in Frameworks */ = {isa = PBXBuildFile; fileRef = 35678EAF1AF580EB007E5FCF /* MobileCoreServices.framework */; };
		35678EB21AF580F5007E5FCF /* QuartzCore.framework in Frameworks */ = {isa = PBXBuildFile; fileRef = 35678EB11AF580F5007E5FCF /* QuartzCore.framework */; };
		35678EB41AF58107007E5FCF /* Security.framework in Frameworks */ = {isa = PBXBuildFile; fileRef = 35678EB31AF58107007E5FCF /* Security.framework */; };
		35678EB61AF58112007E5FCF /* StoreKit.framework in Frameworks */ = {isa = PBXBuildFile; fileRef = 35678EB51AF58112007E5FCF /* StoreKit.framework */; };
		35678EB81AF5811A007E5FCF /* SystemConfiguration.framework in Frameworks */ = {isa = PBXBuildFile; fileRef = 35678EB71AF5811A007E5FCF /* SystemConfiguration.framework */; };
		35678EBA1AF58127007E5FCF /* libz.dylib in Frameworks */ = {isa = PBXBuildFile; fileRef = 35678EB91AF58127007E5FCF /* libz.dylib */; };
		35678EBC1AF58130007E5FCF /* libsqlite3.dylib in Frameworks */ = {isa = PBXBuildFile; fileRef = 35678EBB1AF58130007E5FCF /* libsqlite3.dylib */; };
		35678EBE1AF588BD007E5FCF /* Parse.framework in Frameworks */ = {isa = PBXBuildFile; fileRef = 35678EBD1AF588BD007E5FCF /* Parse.framework */; };
		35678EC01AF5A358007E5FCF /* Accounts.framework in Frameworks */ = {isa = PBXBuildFile; fileRef = 35678EBF1AF5A358007E5FCF /* Accounts.framework */; };
		35678ECD1AF5A7D5007E5FCF /* Bolts.framework in Frameworks */ = {isa = PBXBuildFile; fileRef = 35678EC71AF5A7D5007E5FCF /* Bolts.framework */; };
		35678ECE1AF5A7D6007E5FCF /* Parse.framework in Frameworks */ = {isa = PBXBuildFile; fileRef = 35678EC81AF5A7D5007E5FCF /* Parse.framework */; };
		35678ECF1AF5A7D6007E5FCF /* ParseCrashReporting.framework in Frameworks */ = {isa = PBXBuildFile; fileRef = 35678EC91AF5A7D5007E5FCF /* ParseCrashReporting.framework */; };
		35678ED01AF5A7D6007E5FCF /* ParseFacebookUtils.framework in Frameworks */ = {isa = PBXBuildFile; fileRef = 35678ECA1AF5A7D5007E5FCF /* ParseFacebookUtils.framework */; };
		35678ED11AF5A7D6007E5FCF /* ParseFacebookUtilsV4.framework in Frameworks */ = {isa = PBXBuildFile; fileRef = 35678ECB1AF5A7D5007E5FCF /* ParseFacebookUtilsV4.framework */; };
		35678ED61AF5B0E5007E5FCF /* ParseUI.framework in Frameworks */ = {isa = PBXBuildFile; fileRef = 35678ED51AF5B0E5007E5FCF /* ParseUI.framework */; };
		35678ED91AF5B931007E5FCF /* HighScoreView.m in Sources */ = {isa = PBXBuildFile; fileRef = 35678ED81AF5B931007E5FCF /* HighScoreView.m */; };
		359560401AD352F400667378 /* Game.m in Sources */ = {isa = PBXBuildFile; fileRef = 3595603F1AD352F400667378 /* Game.m */; };
		359560421AD3532400667378 /* enemy.m in Sources */ = {isa = PBXBuildFile; fileRef = 359560411AD3532400667378 /* enemy.m */; };
		3599FE451ACCC37A00437E2A /* earth.png in Resources */ = {isa = PBXBuildFile; fileRef = 3599FE441ACCC37A00437E2A /* earth.png */; };
		3599FE471ACCC38F00437E2A /* background.png in Resources */ = {isa = PBXBuildFile; fileRef = 3599FE461ACCC38F00437E2A /* background.png */; };
		3F1DA0861AD3570100A75EDB /* ship1.png in Resources */ = {isa = PBXBuildFile; fileRef = 3F1DA0841AD3570100A75EDB /* ship1.png */; };
		3F1DA0871AD3570100A75EDB /* shipexpl1.png in Resources */ = {isa = PBXBuildFile; fileRef = 3F1DA0851AD3570100A75EDB /* shipexpl1.png */; };
		D02930601ADB53B40025749A /* earth_destr0.png in Resources */ = {isa = PBXBuildFile; fileRef = D029304E1ADB53B40025749A /* earth_destr0.png */; };
		D02930611ADB53B40025749A /* earth_destr1.png in Resources */ = {isa = PBXBuildFile; fileRef = D029304F1ADB53B40025749A /* earth_destr1.png */; };
		D02930621ADB53B40025749A /* earth_destr2.png in Resources */ = {isa = PBXBuildFile; fileRef = D02930501ADB53B40025749A /* earth_destr2.png */; };
		D02930631ADB53B40025749A /* earth_destr3.png in Resources */ = {isa = PBXBuildFile; fileRef = D02930511ADB53B40025749A /* earth_destr3.png */; };
		D02930641ADB53B40025749A /* earth_destr4.png in Resources */ = {isa = PBXBuildFile; fileRef = D02930521ADB53B40025749A /* earth_destr4.png */; };
		D02930651ADB53B40025749A /* earth_destr5.png in Resources */ = {isa = PBXBuildFile; fileRef = D02930531ADB53B40025749A /* earth_destr5.png */; };
		D02930661ADB53B40025749A /* earth_destr6.png in Resources */ = {isa = PBXBuildFile; fileRef = D02930541ADB53B40025749A /* earth_destr6.png */; };
		D02930671ADB53B40025749A /* earth_destr7.png in Resources */ = {isa = PBXBuildFile; fileRef = D02930551ADB53B40025749A /* earth_destr7.png */; };
		D02930681ADB53B40025749A /* earth_destr8.png in Resources */ = {isa = PBXBuildFile; fileRef = D02930561ADB53B40025749A /* earth_destr8.png */; };
		D02930691ADB53B40025749A /* earth_destr9.png in Resources */ = {isa = PBXBuildFile; fileRef = D02930571ADB53B40025749A /* earth_destr9.png */; };
		D029306A1ADB53B40025749A /* earth_destra.png in Resources */ = {isa = PBXBuildFile; fileRef = D02930581ADB53B40025749A /* earth_destra.png */; };
		D029306B1ADB53B40025749A /* earth_destrb.png in Resources */ = {isa = PBXBuildFile; fileRef = D02930591ADB53B40025749A /* earth_destrb.png */; };
		D029306C1ADB53B40025749A /* earth_destrc.png in Resources */ = {isa = PBXBuildFile; fileRef = D029305A1ADB53B40025749A /* earth_destrc.png */; };
		D029306D1ADB53B40025749A /* earth_destrd.png in Resources */ = {isa = PBXBuildFile; fileRef = D029305B1ADB53B40025749A /* earth_destrd.png */; };
		D029306E1ADB53B40025749A /* earth_destre.png in Resources */ = {isa = PBXBuildFile; fileRef = D029305C1ADB53B40025749A /* earth_destre.png */; };
		D029306F1ADB53B40025749A /* earth_destrf.png in Resources */ = {isa = PBXBuildFile; fileRef = D029305D1ADB53B40025749A /* earth_destrf.png */; };
		D02930701ADB53B40025749A /* earth_destrg.png in Resources */ = {isa = PBXBuildFile; fileRef = D029305E1ADB53B40025749A /* earth_destrg.png */; };
		D02930711ADB53B40025749A /* earth_destrh.png in Resources */ = {isa = PBXBuildFile; fileRef = D029305F1ADB53B40025749A /* earth_destrh.png */; };
		D03590651AE4BF7300E38889 /* projectile1.png in Resources */ = {isa = PBXBuildFile; fileRef = D03590641AE4BF7300E38889 /* projectile1.png */; };
		D03590671AE4BF9700E38889 /* projectile2.png in Resources */ = {isa = PBXBuildFile; fileRef = D03590661AE4BF9700E38889 /* projectile2.png */; };
		D03590691AE4C06E00E38889 /* projectile3.png in Resources */ = {isa = PBXBuildFile; fileRef = D03590681AE4C06E00E38889 /* projectile3.png */; };
		D035906D1AE4C4BE00E38889 /* enemyship1.png in Resources */ = {isa = PBXBuildFile; fileRef = D035906C1AE4C4BE00E38889 /* enemyship1.png */; };
		D035906F1AE4C52100E38889 /* enemyship3.png in Resources */ = {isa = PBXBuildFile; fileRef = D035906E1AE4C52100E38889 /* enemyship3.png */; };
		D03590711AE4C52800E38889 /* enemyship2.png in Resources */ = {isa = PBXBuildFile; fileRef = D03590701AE4C52800E38889 /* enemyship2.png */; };
		D03590731AE4C5AD00E38889 /* enemyship.png in Resources */ = {isa = PBXBuildFile; fileRef = D03590721AE4C5AD00E38889 /* enemyship.png */; };
		D03590831AE4CA4200E38889 /* shipexpl2.png in Resources */ = {isa = PBXBuildFile; fileRef = D035907A1AE4CA4200E38889 /* shipexpl2.png */; };
		D03590841AE4CA4200E38889 /* shipexpl3.png in Resources */ = {isa = PBXBuildFile; fileRef = D035907B1AE4CA4200E38889 /* shipexpl3.png */; };
		D03590851AE4CA4200E38889 /* shipexpl4.png in Resources */ = {isa = PBXBuildFile; fileRef = D035907C1AE4CA4200E38889 /* shipexpl4.png */; };
		D03590861AE4CA4200E38889 /* shipexpl5.png in Resources */ = {isa = PBXBuildFile; fileRef = D035907D1AE4CA4200E38889 /* shipexpl5.png */; };
		D03590871AE4CA4200E38889 /* shipexpl6.png in Resources */ = {isa = PBXBuildFile; fileRef = D035907E1AE4CA4200E38889 /* shipexpl6.png */; };
		D03590881AE4CA4200E38889 /* shipexpl7.png in Resources */ = {isa = PBXBuildFile; fileRef = D035907F1AE4CA4200E38889 /* shipexpl7.png */; };
		D03590891AE4CA4200E38889 /* shipexpl8.png in Resources */ = {isa = PBXBuildFile; fileRef = D03590801AE4CA4200E38889 /* shipexpl8.png */; };
		D035908A1AE4CA4200E38889 /* shipexpl9.png in Resources */ = {isa = PBXBuildFile; fileRef = D03590811AE4CA4200E38889 /* shipexpl9.png */; };
		D035908B1AE4CA4200E38889 /* shipexpla.png in Resources */ = {isa = PBXBuildFile; fileRef = D03590821AE4CA4200E38889 /* shipexpla.png */; };
		D038B6081ADA454C0095218D /* TitleView.m in Sources */ = {isa = PBXBuildFile; fileRef = D038B6071ADA454C0095218D /* TitleView.m */; };
		D038B60B1ADA48650095218D /* EndGameView.m in Sources */ = {isa = PBXBuildFile; fileRef = D038B60A1ADA48650095218D /* EndGameView.m */; };
		D038B6231ADA4AC60095218D /* myearth.png in Resources */ = {isa = PBXBuildFile; fileRef = D038B6221ADA4AC60095218D /* myearth.png */; };
		D038B6251ADA53130095218D /* title.png in Resources */ = {isa = PBXBuildFile; fileRef = D038B6241ADA53130095218D /* title.png */; };
		D038B62B1ADA58A90095218D /* endbutton.png in Resources */ = {isa = PBXBuildFile; fileRef = D038B62A1ADA58A90095218D /* endbutton.png */; };
		D038B62F1ADA59E60095218D /* startbutton.png in Resources */ = {isa = PBXBuildFile; fileRef = D038B62E1ADA59E60095218D /* startbutton.png */; };
		D038B63F1ADA65EF0095218D /* menubutton.png in Resources */ = {isa = PBXBuildFile; fileRef = D038B63E1ADA65EF0095218D /* menubutton.png */; };
		D038B6461ADA688C0095218D /* asteroid1.png in Resources */ = {isa = PBXBuildFile; fileRef = D038B6401ADA688C0095218D /* asteroid1.png */; };
		D038B6471ADA688C0095218D /* asteroid2.png in Resources */ = {isa = PBXBuildFile; fileRef = D038B6411ADA688C0095218D /* asteroid2.png */; };
		D038B6481ADA688C0095218D /* asteroid3.png in Resources */ = {isa = PBXBuildFile; fileRef = D038B6421ADA688C0095218D /* asteroid3.png */; };
		D038B6491ADA688C0095218D /* asteroid4.png in Resources */ = {isa = PBXBuildFile; fileRef = D038B6431ADA688C0095218D /* asteroid4.png */; };
		D038B64A1ADA688C0095218D /* ship2.png in Resources */ = {isa = PBXBuildFile; fileRef = D038B6441ADA688C0095218D /* ship2.png */; };
		D038B64B1ADA688C0095218D /* ship3.png in Resources */ = {isa = PBXBuildFile; fileRef = D038B6451ADA688C0095218D /* ship3.png */; };
		D06E94521AEDFCF3008E9E76 /* AVFoundation.framework in Frameworks */ = {isa = PBXBuildFile; fileRef = D06E94511AEDFCF3008E9E76 /* AVFoundation.framework */; };
		D06E94541AEDFD0E008E9E76 /* EarthDefenderMenuLoop.mp3 in Resources */ = {isa = PBXBuildFile; fileRef = D06E94531AEDFD0E008E9E76 /* EarthDefenderMenuLoop.mp3 */; };
		D08E477C1AEF21CF000406CD /* EarthDefenderFull.mp3 in Resources */ = {isa = PBXBuildFile; fileRef = D08E477B1AEF21CF000406CD /* EarthDefenderFull.mp3 */; };
/* End PBXBuildFile section */

/* Begin PBXContainerItemProxy section */
		354ACDA81ACB5CA900F52C24 /* PBXContainerItemProxy */ = {
			isa = PBXContainerItemProxy;
			containerPortal = 354ACD861ACB5CA900F52C24 /* Project object */;
			proxyType = 1;
			remoteGlobalIDString = 354ACD8D1ACB5CA900F52C24;
			remoteInfo = 470Proj;
		};
/* End PBXContainerItemProxy section */

/* Begin PBXFileReference section */
		35217E671AD72514008A5EB6 /* shooter.h */ = {isa = PBXFileReference; fileEncoding = 4; lastKnownFileType = sourcecode.c.h; path = shooter.h; sourceTree = "<group>"; };
		35217E681AD72523008A5EB6 /* shooter.m */ = {isa = PBXFileReference; fileEncoding = 4; lastKnownFileType = sourcecode.c.objc; path = shooter.m; sourceTree = "<group>"; };
		354ACD8E1ACB5CA900F52C24 /* 470Proj.app */ = {isa = PBXFileReference; explicitFileType = wrapper.application; includeInIndex = 0; path = 470Proj.app; sourceTree = BUILT_PRODUCTS_DIR; };
		354ACD921ACB5CA900F52C24 /* Info.plist */ = {isa = PBXFileReference; lastKnownFileType = text.plist.xml; path = Info.plist; sourceTree = "<group>"; };
		354ACD931ACB5CA900F52C24 /* main.m */ = {isa = PBXFileReference; lastKnownFileType = sourcecode.c.objc; path = main.m; sourceTree = "<group>"; };
		354ACD951ACB5CA900F52C24 /* AppDelegate.h */ = {isa = PBXFileReference; lastKnownFileType = sourcecode.c.h; path = AppDelegate.h; sourceTree = "<group>"; };
		354ACD961ACB5CA900F52C24 /* AppDelegate.m */ = {isa = PBXFileReference; lastKnownFileType = sourcecode.c.objc; path = AppDelegate.m; sourceTree = "<group>"; };
		354ACD981ACB5CA900F52C24 /* ViewController.h */ = {isa = PBXFileReference; lastKnownFileType = sourcecode.c.h; path = ViewController.h; sourceTree = "<group>"; };
		354ACD991ACB5CA900F52C24 /* ViewController.m */ = {isa = PBXFileReference; lastKnownFileType = sourcecode.c.objc; path = ViewController.m; sourceTree = "<group>"; };
		354ACD9C1ACB5CA900F52C24 /* Base */ = {isa = PBXFileReference; lastKnownFileType = file.storyboard; name = Base; path = Base.lproj/Main.storyboard; sourceTree = "<group>"; };
		354ACD9E1ACB5CA900F52C24 /* Images.xcassets */ = {isa = PBXFileReference; lastKnownFileType = folder.assetcatalog; path = Images.xcassets; sourceTree = "<group>"; };
		354ACDA11ACB5CA900F52C24 /* Base */ = {isa = PBXFileReference; lastKnownFileType = file.xib; name = Base; path = Base.lproj/LaunchScreen.xib; sourceTree = "<group>"; };
		354ACDA71ACB5CA900F52C24 /* 470ProjTests.xctest */ = {isa = PBXFileReference; explicitFileType = wrapper.cfbundle; includeInIndex = 0; path = 470ProjTests.xctest; sourceTree = BUILT_PRODUCTS_DIR; };
		354ACDAC1ACB5CA900F52C24 /* Info.plist */ = {isa = PBXFileReference; lastKnownFileType = text.plist.xml; path = Info.plist; sourceTree = "<group>"; };
		354ACDAD1ACB5CA900F52C24 /* _70ProjTests.m */ = {isa = PBXFileReference; lastKnownFileType = sourcecode.c.objc; path = _70ProjTests.m; sourceTree = "<group>"; };
		35678EA31AF58014007E5FCF /* Bolts.framework */ = {isa = PBXFileReference; lastKnownFileType = wrapper.framework; path = Bolts.framework; sourceTree = "<group>"; };
		35678EA71AF580CB007E5FCF /* AudioToolbox.framework */ = {isa = PBXFileReference; lastKnownFileType = wrapper.framework; name = AudioToolbox.framework; path = System/Library/Frameworks/AudioToolbox.framework; sourceTree = SDKROOT; };
		35678EA91AF580D4007E5FCF /* CFNetwork.framework */ = {isa = PBXFileReference; lastKnownFileType = wrapper.framework; name = CFNetwork.framework; path = System/Library/Frameworks/CFNetwork.framework; sourceTree = SDKROOT; };
		35678EAB1AF580DB007E5FCF /* CoreGraphics.framework */ = {isa = PBXFileReference; lastKnownFileType = wrapper.framework; name = CoreGraphics.framework; path = System/Library/Frameworks/CoreGraphics.framework; sourceTree = SDKROOT; };
		35678EAD1AF580E2007E5FCF /* CoreLocation.framework */ = {isa = PBXFileReference; lastKnownFileType = wrapper.framework; name = CoreLocation.framework; path = System/Library/Frameworks/CoreLocation.framework; sourceTree = SDKROOT; };
		35678EAF1AF580EB007E5FCF /* MobileCoreServices.framework */ = {isa = PBXFileReference; lastKnownFileType = wrapper.framework; name = MobileCoreServices.framework; path = System/Library/Frameworks/MobileCoreServices.framework; sourceTree = SDKROOT; };
		35678EB11AF580F5007E5FCF /* QuartzCore.framework */ = {isa = PBXFileReference; lastKnownFileType = wrapper.framework; name = QuartzCore.framework; path = System/Library/Frameworks/QuartzCore.framework; sourceTree = SDKROOT; };
		35678EB31AF58107007E5FCF /* Security.framework */ = {isa = PBXFileReference; lastKnownFileType = wrapper.framework; name = Security.framework; path = System/Library/Frameworks/Security.framework; sourceTree = SDKROOT; };
		35678EB51AF58112007E5FCF /* StoreKit.framework */ = {isa = PBXFileReference; lastKnownFileType = wrapper.framework; name = StoreKit.framework; path = System/Library/Frameworks/StoreKit.framework; sourceTree = SDKROOT; };
		35678EB71AF5811A007E5FCF /* SystemConfiguration.framework */ = {isa = PBXFileReference; lastKnownFileType = wrapper.framework; name = SystemConfiguration.framework; path = System/Library/Frameworks/SystemConfiguration.framework; sourceTree = SDKROOT; };
		35678EB91AF58127007E5FCF /* libz.dylib */ = {isa = PBXFileReference; lastKnownFileType = "compiled.mach-o.dylib"; name = libz.dylib; path = usr/lib/libz.dylib; sourceTree = SDKROOT; };
		35678EBB1AF58130007E5FCF /* libsqlite3.dylib */ = {isa = PBXFileReference; lastKnownFileType = "compiled.mach-o.dylib"; name = libsqlite3.dylib; path = usr/lib/libsqlite3.dylib; sourceTree = SDKROOT; };
		35678EBD1AF588BD007E5FCF /* Parse.framework */ = {isa = PBXFileReference; lastKnownFileType = wrapper.framework; path = Parse.framework; sourceTree = "<group>"; };
		35678EBF1AF5A358007E5FCF /* Accounts.framework */ = {isa = PBXFileReference; lastKnownFileType = wrapper.framework; name = Accounts.framework; path = System/Library/Frameworks/Accounts.framework; sourceTree = SDKROOT; };
		35678EC11AF5A35F007E5FCF /* Social.framework */ = {isa = PBXFileReference; lastKnownFileType = wrapper.framework; name = Social.framework; path = System/Library/Frameworks/Social.framework; sourceTree = SDKROOT; };
		35678EC71AF5A7D5007E5FCF /* Bolts.framework */ = {isa = PBXFileReference; lastKnownFileType = wrapper.framework; path = Bolts.framework; sourceTree = "<group>"; };
		35678EC81AF5A7D5007E5FCF /* Parse.framework */ = {isa = PBXFileReference; lastKnownFileType = wrapper.framework; path = Parse.framework; sourceTree = "<group>"; };
		35678EC91AF5A7D5007E5FCF /* ParseCrashReporting.framework */ = {isa = PBXFileReference; lastKnownFileType = wrapper.framework; path = ParseCrashReporting.framework; sourceTree = "<group>"; };
		35678ECA1AF5A7D5007E5FCF /* ParseFacebookUtils.framework */ = {isa = PBXFileReference; lastKnownFileType = wrapper.framework; path = ParseFacebookUtils.framework; sourceTree = "<group>"; };
		35678ECB1AF5A7D5007E5FCF /* ParseFacebookUtilsV4.framework */ = {isa = PBXFileReference; lastKnownFileType = wrapper.framework; path = ParseFacebookUtilsV4.framework; sourceTree = "<group>"; };
		35678ECC1AF5A7D5007E5FCF /* ParseUI.framework */ = {isa = PBXFileReference; lastKnownFileType = wrapper.framework; path = ParseUI.framework; sourceTree = "<group>"; };
		35678ED51AF5B0E5007E5FCF /* ParseUI.framework */ = {isa = PBXFileReference; lastKnownFileType = wrapper.framework; path = ParseUI.framework; sourceTree = "<group>"; };
		35678ED71AF5B931007E5FCF /* HighScoreView.h */ = {isa = PBXFileReference; fileEncoding = 4; lastKnownFileType = sourcecode.c.h; path = HighScoreView.h; sourceTree = "<group>"; };
		35678ED81AF5B931007E5FCF /* HighScoreView.m */ = {isa = PBXFileReference; fileEncoding = 4; lastKnownFileType = sourcecode.c.objc; path = HighScoreView.m; sourceTree = "<group>"; };
		3595603E1AD3522F00667378 /* enemy.h */ = {isa = PBXFileReference; fileEncoding = 4; lastKnownFileType = sourcecode.c.h; path = enemy.h; sourceTree = "<group>"; };
		3595603F1AD352F400667378 /* Game.m */ = {isa = PBXFileReference; fileEncoding = 4; lastKnownFileType = sourcecode.c.objc; path = Game.m; sourceTree = "<group>"; };
		359560411AD3532400667378 /* enemy.m */ = {isa = PBXFileReference; fileEncoding = 4; lastKnownFileType = sourcecode.c.objc; path = enemy.m; sourceTree = "<group>"; };
		359560431AD3533F00667378 /* Game.h */ = {isa = PBXFileReference; fileEncoding = 4; lastKnownFileType = sourcecode.c.h; path = Game.h; sourceTree = "<group>"; };
		3599FE441ACCC37A00437E2A /* earth.png */ = {isa = PBXFileReference; lastKnownFileType = image.png; path = earth.png; sourceTree = "<group>"; };
		3599FE461ACCC38F00437E2A /* background.png */ = {isa = PBXFileReference; lastKnownFileType = image.png; path = background.png; sourceTree = "<group>"; };
		3F1DA0841AD3570100A75EDB /* ship1.png */ = {isa = PBXFileReference; lastKnownFileType = image.png; path = ship1.png; sourceTree = "<group>"; };
		3F1DA0851AD3570100A75EDB /* shipexpl1.png */ = {isa = PBXFileReference; lastKnownFileType = image.png; path = shipexpl1.png; sourceTree = "<group>"; };
		D029304E1ADB53B40025749A /* earth_destr0.png */ = {isa = PBXFileReference; lastKnownFileType = image.png; path = earth_destr0.png; sourceTree = "<group>"; };
		D029304F1ADB53B40025749A /* earth_destr1.png */ = {isa = PBXFileReference; lastKnownFileType = image.png; path = earth_destr1.png; sourceTree = "<group>"; };
		D02930501ADB53B40025749A /* earth_destr2.png */ = {isa = PBXFileReference; lastKnownFileType = image.png; path = earth_destr2.png; sourceTree = "<group>"; };
		D02930511ADB53B40025749A /* earth_destr3.png */ = {isa = PBXFileReference; lastKnownFileType = image.png; path = earth_destr3.png; sourceTree = "<group>"; };
		D02930521ADB53B40025749A /* earth_destr4.png */ = {isa = PBXFileReference; lastKnownFileType = image.png; path = earth_destr4.png; sourceTree = "<group>"; };
		D02930531ADB53B40025749A /* earth_destr5.png */ = {isa = PBXFileReference; lastKnownFileType = image.png; path = earth_destr5.png; sourceTree = "<group>"; };
		D02930541ADB53B40025749A /* earth_destr6.png */ = {isa = PBXFileReference; lastKnownFileType = image.png; path = earth_destr6.png; sourceTree = "<group>"; };
		D02930551ADB53B40025749A /* earth_destr7.png */ = {isa = PBXFileReference; lastKnownFileType = image.png; path = earth_destr7.png; sourceTree = "<group>"; };
		D02930561ADB53B40025749A /* earth_destr8.png */ = {isa = PBXFileReference; lastKnownFileType = image.png; path = earth_destr8.png; sourceTree = "<group>"; };
		D02930571ADB53B40025749A /* earth_destr9.png */ = {isa = PBXFileReference; lastKnownFileType = image.png; path = earth_destr9.png; sourceTree = "<group>"; };
		D02930581ADB53B40025749A /* earth_destra.png */ = {isa = PBXFileReference; lastKnownFileType = image.png; path = earth_destra.png; sourceTree = "<group>"; };
		D02930591ADB53B40025749A /* earth_destrb.png */ = {isa = PBXFileReference; lastKnownFileType = image.png; path = earth_destrb.png; sourceTree = "<group>"; };
		D029305A1ADB53B40025749A /* earth_destrc.png */ = {isa = PBXFileReference; lastKnownFileType = image.png; path = earth_destrc.png; sourceTree = "<group>"; };
		D029305B1ADB53B40025749A /* earth_destrd.png */ = {isa = PBXFileReference; lastKnownFileType = image.png; path = earth_destrd.png; sourceTree = "<group>"; };
		D029305C1ADB53B40025749A /* earth_destre.png */ = {isa = PBXFileReference; lastKnownFileType = image.png; path = earth_destre.png; sourceTree = "<group>"; };
		D029305D1ADB53B40025749A /* earth_destrf.png */ = {isa = PBXFileReference; lastKnownFileType = image.png; path = earth_destrf.png; sourceTree = "<group>"; };
		D029305E1ADB53B40025749A /* earth_destrg.png */ = {isa = PBXFileReference; lastKnownFileType = image.png; path = earth_destrg.png; sourceTree = "<group>"; };
		D029305F1ADB53B40025749A /* earth_destrh.png */ = {isa = PBXFileReference; lastKnownFileType = image.png; path = earth_destrh.png; sourceTree = "<group>"; };
		D03590641AE4BF7300E38889 /* projectile1.png */ = {isa = PBXFileReference; lastKnownFileType = image.png; path = projectile1.png; sourceTree = "<group>"; };
		D03590661AE4BF9700E38889 /* projectile2.png */ = {isa = PBXFileReference; lastKnownFileType = image.png; path = projectile2.png; sourceTree = "<group>"; };
		D03590681AE4C06E00E38889 /* projectile3.png */ = {isa = PBXFileReference; lastKnownFileType = image.png; path = projectile3.png; sourceTree = "<group>"; };
		D035906C1AE4C4BE00E38889 /* enemyship1.png */ = {isa = PBXFileReference; lastKnownFileType = image.png; path = enemyship1.png; sourceTree = "<group>"; };
		D035906E1AE4C52100E38889 /* enemyship3.png */ = {isa = PBXFileReference; lastKnownFileType = image.png; path = enemyship3.png; sourceTree = "<group>"; };
		D03590701AE4C52800E38889 /* enemyship2.png */ = {isa = PBXFileReference; lastKnownFileType = image.png; path = enemyship2.png; sourceTree = "<group>"; };
		D03590721AE4C5AD00E38889 /* enemyship.png */ = {isa = PBXFileReference; lastKnownFileType = image.png; path = enemyship.png; sourceTree = "<group>"; };
		D035907A1AE4CA4200E38889 /* shipexpl2.png */ = {isa = PBXFileReference; lastKnownFileType = image.png; path = shipexpl2.png; sourceTree = "<group>"; };
		D035907B1AE4CA4200E38889 /* shipexpl3.png */ = {isa = PBXFileReference; lastKnownFileType = image.png; path = shipexpl3.png; sourceTree = "<group>"; };
		D035907C1AE4CA4200E38889 /* shipexpl4.png */ = {isa = PBXFileReference; lastKnownFileType = image.png; path = shipexpl4.png; sourceTree = "<group>"; };
		D035907D1AE4CA4200E38889 /* shipexpl5.png */ = {isa = PBXFileReference; lastKnownFileType = image.png; path = shipexpl5.png; sourceTree = "<group>"; };
		D035907E1AE4CA4200E38889 /* shipexpl6.png */ = {isa = PBXFileReference; lastKnownFileType = image.png; path = shipexpl6.png; sourceTree = "<group>"; };
		D035907F1AE4CA4200E38889 /* shipexpl7.png */ = {isa = PBXFileReference; lastKnownFileType = image.png; path = shipexpl7.png; sourceTree = "<group>"; };
		D03590801AE4CA4200E38889 /* shipexpl8.png */ = {isa = PBXFileReference; lastKnownFileType = image.png; path = shipexpl8.png; sourceTree = "<group>"; };
		D03590811AE4CA4200E38889 /* shipexpl9.png */ = {isa = PBXFileReference; lastKnownFileType = image.png; path = shipexpl9.png; sourceTree = "<group>"; };
		D03590821AE4CA4200E38889 /* shipexpla.png */ = {isa = PBXFileReference; lastKnownFileType = image.png; path = shipexpla.png; sourceTree = "<group>"; };
		D038B6061ADA45370095218D /* TitleView.h */ = {isa = PBXFileReference; lastKnownFileType = sourcecode.c.h; path = TitleView.h; sourceTree = "<group>"; };
		D038B6071ADA454C0095218D /* TitleView.m */ = {isa = PBXFileReference; fileEncoding = 4; lastKnownFileType = sourcecode.c.objc; path = TitleView.m; sourceTree = "<group>"; };
		D038B6091ADA48540095218D /* EndGameView.h */ = {isa = PBXFileReference; lastKnownFileType = sourcecode.c.h; path = EndGameView.h; sourceTree = "<group>"; };
		D038B60A1ADA48650095218D /* EndGameView.m */ = {isa = PBXFileReference; fileEncoding = 4; lastKnownFileType = sourcecode.c.objc; path = EndGameView.m; sourceTree = "<group>"; };
		D038B6221ADA4AC60095218D /* myearth.png */ = {isa = PBXFileReference; lastKnownFileType = image.png; path = myearth.png; sourceTree = "<group>"; };
		D038B6241ADA53130095218D /* title.png */ = {isa = PBXFileReference; lastKnownFileType = image.png; path = title.png; sourceTree = "<group>"; };
		D038B62A1ADA58A90095218D /* endbutton.png */ = {isa = PBXFileReference; lastKnownFileType = image.png; path = endbutton.png; sourceTree = "<group>"; };
		D038B62E1ADA59E60095218D /* startbutton.png */ = {isa = PBXFileReference; lastKnownFileType = image.png; path = startbutton.png; sourceTree = "<group>"; };
		D038B63E1ADA65EF0095218D /* menubutton.png */ = {isa = PBXFileReference; lastKnownFileType = image.png; path = menubutton.png; sourceTree = "<group>"; };
		D038B6401ADA688C0095218D /* asteroid1.png */ = {isa = PBXFileReference; lastKnownFileType = image.png; path = asteroid1.png; sourceTree = "<group>"; };
		D038B6411ADA688C0095218D /* asteroid2.png */ = {isa = PBXFileReference; lastKnownFileType = image.png; path = asteroid2.png; sourceTree = "<group>"; };
		D038B6421ADA688C0095218D /* asteroid3.png */ = {isa = PBXFileReference; lastKnownFileType = image.png; path = asteroid3.png; sourceTree = "<group>"; };
		D038B6431ADA688C0095218D /* asteroid4.png */ = {isa = PBXFileReference; lastKnownFileType = image.png; path = asteroid4.png; sourceTree = "<group>"; };
		D038B6441ADA688C0095218D /* ship2.png */ = {isa = PBXFileReference; lastKnownFileType = image.png; path = ship2.png; sourceTree = "<group>"; };
		D038B6451ADA688C0095218D /* ship3.png */ = {isa = PBXFileReference; lastKnownFileType = image.png; path = ship3.png; sourceTree = "<group>"; };
		D06E94511AEDFCF3008E9E76 /* AVFoundation.framework */ = {isa = PBXFileReference; lastKnownFileType = wrapper.framework; name = AVFoundation.framework; path = System/Library/Frameworks/AVFoundation.framework; sourceTree = SDKROOT; };
		D06E94531AEDFD0E008E9E76 /* EarthDefenderMenuLoop.mp3 */ = {isa = PBXFileReference; lastKnownFileType = audio.mp3; path = EarthDefenderMenuLoop.mp3; sourceTree = "<group>"; };
		D08E477B1AEF21CF000406CD /* EarthDefenderFull.mp3 */ = {isa = PBXFileReference; lastKnownFileType = audio.mp3; path = EarthDefenderFull.mp3; sourceTree = "<group>"; };
/* End PBXFileReference section */

/* Begin PBXFrameworksBuildPhase section */
		354ACD8B1ACB5CA900F52C24 /* Frameworks */ = {
			isa = PBXFrameworksBuildPhase;
			buildActionMask = 2147483647;
			files = (
				35678EC01AF5A358007E5FCF /* Accounts.framework in Frameworks */,
				35678ED11AF5A7D6007E5FCF /* ParseFacebookUtilsV4.framework in Frameworks */,
				35678EBC1AF58130007E5FCF /* libsqlite3.dylib in Frameworks */,
				35678EBA1AF58127007E5FCF /* libz.dylib in Frameworks */,
				35678EB81AF5811A007E5FCF /* SystemConfiguration.framework in Frameworks */,
				35678EB61AF58112007E5FCF /* StoreKit.framework in Frameworks */,
				35678EB41AF58107007E5FCF /* Security.framework in Frameworks */,
				35678EB21AF580F5007E5FCF /* QuartzCore.framework in Frameworks */,
				35678EB01AF580EB007E5FCF /* MobileCoreServices.framework in Frameworks */,
				35678ED61AF5B0E5007E5FCF /* ParseUI.framework in Frameworks */,
				35678EAE1AF580E2007E5FCF /* CoreLocation.framework in Frameworks */,
				35678ECF1AF5A7D6007E5FCF /* ParseCrashReporting.framework in Frameworks */,
				35678ECE1AF5A7D6007E5FCF /* Parse.framework in Frameworks */,
				35678EAC1AF580DB007E5FCF /* CoreGraphics.framework in Frameworks */,
				35678EAA1AF580D4007E5FCF /* CFNetwork.framework in Frameworks */,
				35678ECD1AF5A7D5007E5FCF /* Bolts.framework in Frameworks */,
				35678EBE1AF588BD007E5FCF /* Parse.framework in Frameworks */,
				35678EA81AF580CB007E5FCF /* AudioToolbox.framework in Frameworks */,
				D06E94521AEDFCF3008E9E76 /* AVFoundation.framework in Frameworks */,
				35678ED01AF5A7D6007E5FCF /* ParseFacebookUtils.framework in Frameworks */,
				35678EA41AF58014007E5FCF /* Bolts.framework in Frameworks */,
			);
			runOnlyForDeploymentPostprocessing = 0;
		};
		354ACDA41ACB5CA900F52C24 /* Frameworks */ = {
			isa = PBXFrameworksBuildPhase;
			buildActionMask = 2147483647;
			files = (
			);
			runOnlyForDeploymentPostprocessing = 0;
		};
/* End PBXFrameworksBuildPhase section */

/* Begin PBXGroup section */
		354ACD851ACB5CA900F52C24 = {
			isa = PBXGroup;
			children = (
				35678ED51AF5B0E5007E5FCF /* ParseUI.framework */,
				35678EC61AF5A7D5007E5FCF /* ParseStarterProject */,
				35678EC11AF5A35F007E5FCF /* Social.framework */,
				35678EBF1AF5A358007E5FCF /* Accounts.framework */,
				35678EBD1AF588BD007E5FCF /* Parse.framework */,
				35678EBB1AF58130007E5FCF /* libsqlite3.dylib */,
				35678EB91AF58127007E5FCF /* libz.dylib */,
				35678EB71AF5811A007E5FCF /* SystemConfiguration.framework */,
				35678EB51AF58112007E5FCF /* StoreKit.framework */,
				35678EB31AF58107007E5FCF /* Security.framework */,
				35678EB11AF580F5007E5FCF /* QuartzCore.framework */,
				35678EAF1AF580EB007E5FCF /* MobileCoreServices.framework */,
				35678EAD1AF580E2007E5FCF /* CoreLocation.framework */,
				35678EAB1AF580DB007E5FCF /* CoreGraphics.framework */,
				35678EA91AF580D4007E5FCF /* CFNetwork.framework */,
				35678EA71AF580CB007E5FCF /* AudioToolbox.framework */,
				35678EA31AF58014007E5FCF /* Bolts.framework */,
				D06E94511AEDFCF3008E9E76 /* AVFoundation.framework */,
				354ACD901ACB5CA900F52C24 /* 470Proj */,
				354ACDAA1ACB5CA900F52C24 /* 470ProjTests */,
				354ACD8F1ACB5CA900F52C24 /* Products */,
			);
			sourceTree = "<group>";
		};
		354ACD8F1ACB5CA900F52C24 /* Products */ = {
			isa = PBXGroup;
			children = (
				354ACD8E1ACB5CA900F52C24 /* 470Proj.app */,
				354ACDA71ACB5CA900F52C24 /* 470ProjTests.xctest */,
			);
			name = Products;
			sourceTree = "<group>";
		};
		354ACD901ACB5CA900F52C24 /* 470Proj */ = {
			isa = PBXGroup;
			children = (
				35678ED71AF5B931007E5FCF /* HighScoreView.h */,
				35678ED81AF5B931007E5FCF /* HighScoreView.m */,
				3595603E1AD3522F00667378 /* enemy.h */,
				359560411AD3532400667378 /* enemy.m */,
				359560431AD3533F00667378 /* Game.h */,
				3595603F1AD352F400667378 /* Game.m */,
				35217E671AD72514008A5EB6 /* shooter.h */,
				35217E681AD72523008A5EB6 /* shooter.m */,
				354ACD951ACB5CA900F52C24 /* AppDelegate.h */,
				354ACD961ACB5CA900F52C24 /* AppDelegate.m */,
				354ACD981ACB5CA900F52C24 /* ViewController.h */,
				354ACD991ACB5CA900F52C24 /* ViewController.m */,
				D038B6061ADA45370095218D /* TitleView.h */,
				D038B6071ADA454C0095218D /* TitleView.m */,
				D038B6091ADA48540095218D /* EndGameView.h */,
				D038B60A1ADA48650095218D /* EndGameView.m */,
				354ACD9B1ACB5CA900F52C24 /* Main.storyboard */,
				354ACD9E1ACB5CA900F52C24 /* Images.xcassets */,
				354ACDA01ACB5CA900F52C24 /* LaunchScreen.xib */,
				354ACD911ACB5CA900F52C24 /* Supporting Files */,
			);
			path = 470Proj;
			sourceTree = "<group>";
		};
		354ACD911ACB5CA900F52C24 /* Supporting Files */ = {
			isa = PBXGroup;
			children = (
				354ACD931ACB5CA900F52C24 /* main.m */,
				354ACD921ACB5CA900F52C24 /* Info.plist */,
				3599FE461ACCC38F00437E2A /* background.png */,
				3599FE441ACCC37A00437E2A /* earth.png */,
				D038B62A1ADA58A90095218D /* endbutton.png */,
				D03590721AE4C5AD00E38889 /* enemyship.png */,
				D038B63E1ADA65EF0095218D /* menubutton.png */,
				D038B6221ADA4AC60095218D /* myearth.png */,
				D038B62E1ADA59E60095218D /* startbutton.png */,
				D038B6241ADA53130095218D /* title.png */,
				D08E477B1AEF21CF000406CD /* EarthDefenderFull.mp3 */,
				D06E94531AEDFD0E008E9E76 /* EarthDefenderMenuLoop.mp3 */,
				D03590751AE4C81D00E38889 /* asteroid */,
				D03590741AE4C80800E38889 /* earth_destr */,
				D03590761AE4C82A00E38889 /* enemyship */,
				D03590781AE4C84700E38889 /* projectile */,
				D03590771AE4C83F00E38889 /* ship */,
				D03590791AE4C88400E38889 /* shipexpl */,
			);
			name = "Supporting Files";
			sourceTree = "<group>";
		};
		354ACDAA1ACB5CA900F52C24 /* 470ProjTests */ = {
			isa = PBXGroup;
			children = (
				354ACDAD1ACB5CA900F52C24 /* _70ProjTests.m */,
				354ACDAB1ACB5CA900F52C24 /* Supporting Files */,
			);
			path = 470ProjTests;
			sourceTree = "<group>";
		};
		354ACDAB1ACB5CA900F52C24 /* Supporting Files */ = {
			isa = PBXGroup;
			children = (
				354ACDAC1ACB5CA900F52C24 /* Info.plist */,
			);
			name = "Supporting Files";
			sourceTree = "<group>";
		};
		35678EC61AF5A7D5007E5FCF /* ParseStarterProject */ = {
			isa = PBXGroup;
			children = (
				35678EC71AF5A7D5007E5FCF /* Bolts.framework */,
				35678EC81AF5A7D5007E5FCF /* Parse.framework */,
				35678EC91AF5A7D5007E5FCF /* ParseCrashReporting.framework */,
				35678ECA1AF5A7D5007E5FCF /* ParseFacebookUtils.framework */,
				35678ECB1AF5A7D5007E5FCF /* ParseFacebookUtilsV4.framework */,
				35678ECC1AF5A7D5007E5FCF /* ParseUI.framework */,
			);
			name = ParseStarterProject;
			path = "parse-library-1";
			sourceTree = "<group>";
		};
		D03590741AE4C80800E38889 /* earth_destr */ = {
			isa = PBXGroup;
			children = (
				D029304E1ADB53B40025749A /* earth_destr0.png */,
				D029304F1ADB53B40025749A /* earth_destr1.png */,
				D02930501ADB53B40025749A /* earth_destr2.png */,
				D02930511ADB53B40025749A /* earth_destr3.png */,
				D02930521ADB53B40025749A /* earth_destr4.png */,
				D02930531ADB53B40025749A /* earth_destr5.png */,
				D02930541ADB53B40025749A /* earth_destr6.png */,
				D02930551ADB53B40025749A /* earth_destr7.png */,
				D02930561ADB53B40025749A /* earth_destr8.png */,
				D02930571ADB53B40025749A /* earth_destr9.png */,
				D02930581ADB53B40025749A /* earth_destra.png */,
				D02930591ADB53B40025749A /* earth_destrb.png */,
				D029305A1ADB53B40025749A /* earth_destrc.png */,
				D029305B1ADB53B40025749A /* earth_destrd.png */,
				D029305C1ADB53B40025749A /* earth_destre.png */,
				D029305D1ADB53B40025749A /* earth_destrf.png */,
				D029305E1ADB53B40025749A /* earth_destrg.png */,
				D029305F1ADB53B40025749A /* earth_destrh.png */,
			);
			name = earth_destr;
			sourceTree = "<group>";
		};
		D03590751AE4C81D00E38889 /* asteroid */ = {
			isa = PBXGroup;
			children = (
				D038B6401ADA688C0095218D /* asteroid1.png */,
				D038B6411ADA688C0095218D /* asteroid2.png */,
				D038B6421ADA688C0095218D /* asteroid3.png */,
				D038B6431ADA688C0095218D /* asteroid4.png */,
			);
			name = asteroid;
			sourceTree = "<group>";
		};
		D03590761AE4C82A00E38889 /* enemyship */ = {
			isa = PBXGroup;
			children = (
				D035906C1AE4C4BE00E38889 /* enemyship1.png */,
				D03590701AE4C52800E38889 /* enemyship2.png */,
				D035906E1AE4C52100E38889 /* enemyship3.png */,
			);
			name = enemyship;
			sourceTree = "<group>";
		};
		D03590771AE4C83F00E38889 /* ship */ = {
			isa = PBXGroup;
			children = (
				3F1DA0841AD3570100A75EDB /* ship1.png */,
				D038B6441ADA688C0095218D /* ship2.png */,
				D038B6451ADA688C0095218D /* ship3.png */,
			);
			name = ship;
			sourceTree = "<group>";
		};
		D03590781AE4C84700E38889 /* projectile */ = {
			isa = PBXGroup;
			children = (
				D03590641AE4BF7300E38889 /* projectile1.png */,
				D03590661AE4BF9700E38889 /* projectile2.png */,
				D03590681AE4C06E00E38889 /* projectile3.png */,
			);
			name = projectile;
			sourceTree = "<group>";
		};
		D03590791AE4C88400E38889 /* shipexpl */ = {
			isa = PBXGroup;
			children = (
				3F1DA0851AD3570100A75EDB /* shipexpl1.png */,
				D035907A1AE4CA4200E38889 /* shipexpl2.png */,
				D035907B1AE4CA4200E38889 /* shipexpl3.png */,
				D035907C1AE4CA4200E38889 /* shipexpl4.png */,
				D035907D1AE4CA4200E38889 /* shipexpl5.png */,
				D035907E1AE4CA4200E38889 /* shipexpl6.png */,
				D035907F1AE4CA4200E38889 /* shipexpl7.png */,
				D03590801AE4CA4200E38889 /* shipexpl8.png */,
				D03590811AE4CA4200E38889 /* shipexpl9.png */,
				D03590821AE4CA4200E38889 /* shipexpla.png */,
			);
			name = shipexpl;
			sourceTree = "<group>";
		};
/* End PBXGroup section */

/* Begin PBXNativeTarget section */
		354ACD8D1ACB5CA900F52C24 /* 470Proj */ = {
			isa = PBXNativeTarget;
			buildConfigurationList = 354ACDB11ACB5CA900F52C24 /* Build configuration list for PBXNativeTarget "470Proj" */;
			buildPhases = (
				354ACD8A1ACB5CA900F52C24 /* Sources */,
				354ACD8B1ACB5CA900F52C24 /* Frameworks */,
				354ACD8C1ACB5CA900F52C24 /* Resources */,
			);
			buildRules = (
			);
			dependencies = (
			);
			name = 470Proj;
			productName = 470Proj;
			productReference = 354ACD8E1ACB5CA900F52C24 /* 470Proj.app */;
			productType = "com.apple.product-type.application";
		};
		354ACDA61ACB5CA900F52C24 /* 470ProjTests */ = {
			isa = PBXNativeTarget;
			buildConfigurationList = 354ACDB41ACB5CA900F52C24 /* Build configuration list for PBXNativeTarget "470ProjTests" */;
			buildPhases = (
				354ACDA31ACB5CA900F52C24 /* Sources */,
				354ACDA41ACB5CA900F52C24 /* Frameworks */,
				354ACDA51ACB5CA900F52C24 /* Resources */,
			);
			buildRules = (
			);
			dependencies = (
				354ACDA91ACB5CA900F52C24 /* PBXTargetDependency */,
			);
			name = 470ProjTests;
			productName = 470ProjTests;
			productReference = 354ACDA71ACB5CA900F52C24 /* 470ProjTests.xctest */;
			productType = "com.apple.product-type.bundle.unit-test";
		};
/* End PBXNativeTarget section */

/* Begin PBXProject section */
		354ACD861ACB5CA900F52C24 /* Project object */ = {
			isa = PBXProject;
			attributes = {
				LastUpgradeCheck = 0610;
				ORGANIZATIONNAME = SSU;
				TargetAttributes = {
					354ACD8D1ACB5CA900F52C24 = {
						CreatedOnToolsVersion = 6.1;
					};
					354ACDA61ACB5CA900F52C24 = {
						CreatedOnToolsVersion = 6.1;
						TestTargetID = 354ACD8D1ACB5CA900F52C24;
					};
				};
			};
			buildConfigurationList = 354ACD891ACB5CA900F52C24 /* Build configuration list for PBXProject "470Proj" */;
			compatibilityVersion = "Xcode 3.2";
			developmentRegion = English;
			hasScannedForEncodings = 0;
			knownRegions = (
				en,
				Base,
			);
			mainGroup = 354ACD851ACB5CA900F52C24;
			productRefGroup = 354ACD8F1ACB5CA900F52C24 /* Products */;
			projectDirPath = "";
			projectRoot = "";
			targets = (
				354ACD8D1ACB5CA900F52C24 /* 470Proj */,
				354ACDA61ACB5CA900F52C24 /* 470ProjTests */,
			);
		};
/* End PBXProject section */

/* Begin PBXResourcesBuildPhase section */
		354ACD8C1ACB5CA900F52C24 /* Resources */ = {
			isa = PBXResourcesBuildPhase;
			buildActionMask = 2147483647;
			files = (
				D02930641ADB53B40025749A /* earth_destr4.png in Resources */,
				3F1DA0871AD3570100A75EDB /* shipexpl1.png in Resources */,
				D03590671AE4BF9700E38889 /* projectile2.png in Resources */,
				D03590651AE4BF7300E38889 /* projectile1.png in Resources */,
				3599FE451ACCC37A00437E2A /* earth.png in Resources */,
				3F1DA0861AD3570100A75EDB /* ship1.png in Resources */,
				D02930711ADB53B40025749A /* earth_destrh.png in Resources */,
				D02930701ADB53B40025749A /* earth_destrg.png in Resources */,
				D029306E1ADB53B40025749A /* earth_destre.png in Resources */,
				D029306B1ADB53B40025749A /* earth_destrb.png in Resources */,
				D029306C1ADB53B40025749A /* earth_destrc.png in Resources */,
				D03590851AE4CA4200E38889 /* shipexpl4.png in Resources */,
				D038B63F1ADA65EF0095218D /* menubutton.png in Resources */,
				D035908A1AE4CA4200E38889 /* shipexpl9.png in Resources */,
				3599FE471ACCC38F00437E2A /* background.png in Resources */,
				D02930601ADB53B40025749A /* earth_destr0.png in Resources */,
				D03590891AE4CA4200E38889 /* shipexpl8.png in Resources */,
				D03590881AE4CA4200E38889 /* shipexpl7.png in Resources */,
				D038B6461ADA688C0095218D /* asteroid1.png in Resources */,
				D02930621ADB53B40025749A /* earth_destr2.png in Resources */,
				D038B6481ADA688C0095218D /* asteroid3.png in Resources */,
				D08E477C1AEF21CF000406CD /* EarthDefenderFull.mp3 in Resources */,
				D02930631ADB53B40025749A /* earth_destr3.png in Resources */,
				D035908B1AE4CA4200E38889 /* shipexpla.png in Resources */,
				D03590871AE4CA4200E38889 /* shipexpl6.png in Resources */,
				354ACD9D1ACB5CA900F52C24 /* Main.storyboard in Resources */,
				D02930611ADB53B40025749A /* earth_destr1.png in Resources */,
				D02930681ADB53B40025749A /* earth_destr8.png in Resources */,
				D03590861AE4CA4200E38889 /* shipexpl5.png in Resources */,
				D02930651ADB53B40025749A /* earth_destr5.png in Resources */,
				D02930661ADB53B40025749A /* earth_destr6.png in Resources */,
				D038B6251ADA53130095218D /* title.png in Resources */,
				D029306F1ADB53B40025749A /* earth_destrf.png in Resources */,
				D038B62B1ADA58A90095218D /* endbutton.png in Resources */,
				D038B6471ADA688C0095218D /* asteroid2.png in Resources */,
				D06E94541AEDFD0E008E9E76 /* EarthDefenderMenuLoop.mp3 in Resources */,
				354ACDA21ACB5CA900F52C24 /* LaunchScreen.xib in Resources */,
				D03590731AE4C5AD00E38889 /* enemyship.png in Resources */,
				D035906D1AE4C4BE00E38889 /* enemyship1.png in Resources */,
				D038B62F1ADA59E60095218D /* startbutton.png in Resources */,
				D03590831AE4CA4200E38889 /* shipexpl2.png in Resources */,
				D03590691AE4C06E00E38889 /* projectile3.png in Resources */,
				D03590711AE4C52800E38889 /* enemyship2.png in Resources */,
				D02930691ADB53B40025749A /* earth_destr9.png in Resources */,
				D038B64B1ADA688C0095218D /* ship3.png in Resources */,
				D035906F1AE4C52100E38889 /* enemyship3.png in Resources */,
				D038B6491ADA688C0095218D /* asteroid4.png in Resources */,
				D038B6231ADA4AC60095218D /* myearth.png in Resources */,
				D038B64A1ADA688C0095218D /* ship2.png in Resources */,
				D03590841AE4CA4200E38889 /* shipexpl3.png in Resources */,
				D029306D1ADB53B40025749A /* earth_destrd.png in Resources */,
				354ACD9F1ACB5CA900F52C24 /* Images.xcassets in Resources */,
				D02930671ADB53B40025749A /* earth_destr7.png in Resources */,
				D029306A1ADB53B40025749A /* earth_destra.png in Resources */,
			);
			runOnlyForDeploymentPostprocessing = 0;
		};
		354ACDA51ACB5CA900F52C24 /* Resources */ = {
			isa = PBXResourcesBuildPhase;
			buildActionMask = 2147483647;
			files = (
			);
			runOnlyForDeploymentPostprocessing = 0;
		};
/* End PBXResourcesBuildPhase section */

/* Begin PBXSourcesBuildPhase section */
		354ACD8A1ACB5CA900F52C24 /* Sources */ = {
			isa = PBXSourcesBuildPhase;
			buildActionMask = 2147483647;
			files = (
				359560421AD3532400667378 /* enemy.m in Sources */,
				359560401AD352F400667378 /* Game.m in Sources */,
				354ACD9A1ACB5CA900F52C24 /* ViewController.m in Sources */,
				354ACD971ACB5CA900F52C24 /* AppDelegate.m in Sources */,
				35678ED91AF5B931007E5FCF /* HighScoreView.m in Sources */,
				D038B60B1ADA48650095218D /* EndGameView.m in Sources */,
				D038B6081ADA454C0095218D /* TitleView.m in Sources */,
				35217E691AD72523008A5EB6 /* shooter.m in Sources */,
				354ACD941ACB5CA900F52C24 /* main.m in Sources */,
			);
			runOnlyForDeploymentPostprocessing = 0;
		};
		354ACDA31ACB5CA900F52C24 /* Sources */ = {
			isa = PBXSourcesBuildPhase;
			buildActionMask = 2147483647;
			files = (
				354ACDAE1ACB5CA900F52C24 /* _70ProjTests.m in Sources */,
			);
			runOnlyForDeploymentPostprocessing = 0;
		};
/* End PBXSourcesBuildPhase section */

/* Begin PBXTargetDependency section */
		354ACDA91ACB5CA900F52C24 /* PBXTargetDependency */ = {
			isa = PBXTargetDependency;
			target = 354ACD8D1ACB5CA900F52C24 /* 470Proj */;
			targetProxy = 354ACDA81ACB5CA900F52C24 /* PBXContainerItemProxy */;
		};
/* End PBXTargetDependency section */

/* Begin PBXVariantGroup section */
		354ACD9B1ACB5CA900F52C24 /* Main.storyboard */ = {
			isa = PBXVariantGroup;
			children = (
				354ACD9C1ACB5CA900F52C24 /* Base */,
			);
			name = Main.storyboard;
			sourceTree = "<group>";
		};
		354ACDA01ACB5CA900F52C24 /* LaunchScreen.xib */ = {
			isa = PBXVariantGroup;
			children = (
				354ACDA11ACB5CA900F52C24 /* Base */,
			);
			name = LaunchScreen.xib;
			sourceTree = "<group>";
		};
/* End PBXVariantGroup section */

/* Begin XCBuildConfiguration section */
		354ACDAF1ACB5CA900F52C24 /* Debug */ = {
			isa = XCBuildConfiguration;
			buildSettings = {
				ALWAYS_SEARCH_USER_PATHS = NO;
				CLANG_CXX_LANGUAGE_STANDARD = "gnu++0x";
				CLANG_CXX_LIBRARY = "libc++";
				CLANG_ENABLE_MODULES = YES;
				CLANG_ENABLE_OBJC_ARC = YES;
				CLANG_WARN_BOOL_CONVERSION = YES;
				CLANG_WARN_CONSTANT_CONVERSION = YES;
				CLANG_WARN_DIRECT_OBJC_ISA_USAGE = YES_ERROR;
				CLANG_WARN_EMPTY_BODY = YES;
				CLANG_WARN_ENUM_CONVERSION = YES;
				CLANG_WARN_INT_CONVERSION = YES;
				CLANG_WARN_OBJC_ROOT_CLASS = YES_ERROR;
				CLANG_WARN_UNREACHABLE_CODE = YES;
				CLANG_WARN__DUPLICATE_METHOD_MATCH = YES;
				"CODE_SIGN_IDENTITY[sdk=iphoneos*]" = "iPhone Developer";
				COPY_PHASE_STRIP = NO;
				ENABLE_STRICT_OBJC_MSGSEND = YES;
				GCC_C_LANGUAGE_STANDARD = gnu99;
				GCC_DYNAMIC_NO_PIC = NO;
				GCC_OPTIMIZATION_LEVEL = 0;
				GCC_PREPROCESSOR_DEFINITIONS = (
					"DEBUG=1",
					"$(inherited)",
				);
				GCC_SYMBOLS_PRIVATE_EXTERN = NO;
				GCC_WARN_64_TO_32_BIT_CONVERSION = YES;
				GCC_WARN_ABOUT_RETURN_TYPE = YES_ERROR;
				GCC_WARN_UNDECLARED_SELECTOR = YES;
				GCC_WARN_UNINITIALIZED_AUTOS = YES_AGGRESSIVE;
				GCC_WARN_UNUSED_FUNCTION = YES;
				GCC_WARN_UNUSED_VARIABLE = YES;
				IPHONEOS_DEPLOYMENT_TARGET = 8.1;
				MTL_ENABLE_DEBUG_INFO = YES;
				ONLY_ACTIVE_ARCH = YES;
				SDKROOT = iphoneos;
			};
			name = Debug;
		};
		354ACDB01ACB5CA900F52C24 /* Release */ = {
			isa = XCBuildConfiguration;
			buildSettings = {
				ALWAYS_SEARCH_USER_PATHS = NO;
				CLANG_CXX_LANGUAGE_STANDARD = "gnu++0x";
				CLANG_CXX_LIBRARY = "libc++";
				CLANG_ENABLE_MODULES = YES;
				CLANG_ENABLE_OBJC_ARC = YES;
				CLANG_WARN_BOOL_CONVERSION = YES;
				CLANG_WARN_CONSTANT_CONVERSION = YES;
				CLANG_WARN_DIRECT_OBJC_ISA_USAGE = YES_ERROR;
				CLANG_WARN_EMPTY_BODY = YES;
				CLANG_WARN_ENUM_CONVERSION = YES;
				CLANG_WARN_INT_CONVERSION = YES;
				CLANG_WARN_OBJC_ROOT_CLASS = YES_ERROR;
				CLANG_WARN_UNREACHABLE_CODE = YES;
				CLANG_WARN__DUPLICATE_METHOD_MATCH = YES;
				"CODE_SIGN_IDENTITY[sdk=iphoneos*]" = "iPhone Developer";
				COPY_PHASE_STRIP = YES;
				ENABLE_NS_ASSERTIONS = NO;
				ENABLE_STRICT_OBJC_MSGSEND = YES;
				GCC_C_LANGUAGE_STANDARD = gnu99;
				GCC_WARN_64_TO_32_BIT_CONVERSION = YES;
				GCC_WARN_ABOUT_RETURN_TYPE = YES_ERROR;
				GCC_WARN_UNDECLARED_SELECTOR = YES;
				GCC_WARN_UNINITIALIZED_AUTOS = YES_AGGRESSIVE;
				GCC_WARN_UNUSED_FUNCTION = YES;
				GCC_WARN_UNUSED_VARIABLE = YES;
				IPHONEOS_DEPLOYMENT_TARGET = 8.1;
				MTL_ENABLE_DEBUG_INFO = NO;
				SDKROOT = iphoneos;
				VALIDATE_PRODUCT = YES;
			};
			name = Release;
		};
		354ACDB21ACB5CA900F52C24 /* Debug */ = {
			isa = XCBuildConfiguration;
			buildSettings = {
				ASSETCATALOG_COMPILER_APPICON_NAME = AppIcon;
				FRAMEWORK_SEARCH_PATHS = (
					"$(inherited)",
					"$(PROJECT_DIR)",
					"$(PROJECT_DIR)/parse-library-1",
				);
				INFOPLIST_FILE = 470Proj/Info.plist;
				LD_RUNPATH_SEARCH_PATHS = "$(inherited) @executable_path/Frameworks";
				PRODUCT_NAME = "$(TARGET_NAME)";
			};
			name = Debug;
		};
		354ACDB31ACB5CA900F52C24 /* Release */ = {
			isa = XCBuildConfiguration;
			buildSettings = {
				ASSETCATALOG_COMPILER_APPICON_NAME = AppIcon;
				FRAMEWORK_SEARCH_PATHS = (
					"$(inherited)",
					"$(PROJECT_DIR)",
					"$(PROJECT_DIR)/parse-library-1",
				);
				INFOPLIST_FILE = 470Proj/Info.plist;
				LD_RUNPATH_SEARCH_PATHS = "$(inherited) @executable_path/Frameworks";
				PRODUCT_NAME = "$(TARGET_NAME)";
			};
			name = Release;
		};
		354ACDB51ACB5CA900F52C24 /* Debug */ = {
			isa = XCBuildConfiguration;
			buildSettings = {
				BUNDLE_LOADER = "$(TEST_HOST)";
				FRAMEWORK_SEARCH_PATHS = (
					"$(SDKROOT)/Developer/Library/Frameworks",
					"$(inherited)",
				);
				GCC_PREPROCESSOR_DEFINITIONS = (
					"DEBUG=1",
					"$(inherited)",
				);
				INFOPLIST_FILE = 470ProjTests/Info.plist;
				LD_RUNPATH_SEARCH_PATHS = "$(inherited) @executable_path/Frameworks @loader_path/Frameworks";
				PRODUCT_NAME = "$(TARGET_NAME)";
				TEST_HOST = "$(BUILT_PRODUCTS_DIR)/470Proj.app/470Proj";
			};
			name = Debug;
		};
		354ACDB61ACB5CA900F52C24 /* Release */ = {
			isa = XCBuildConfiguration;
			buildSettings = {
				BUNDLE_LOADER = "$(TEST_HOST)";
				FRAMEWORK_SEARCH_PATHS = (
					"$(SDKROOT)/Developer/Library/Frameworks",
					"$(inherited)",
				);
				INFOPLIST_FILE = 470ProjTests/Info.plist;
				LD_RUNPATH_SEARCH_PATHS = "$(inherited) @executable_path/Frameworks @loader_path/Frameworks";
				PRODUCT_NAME = "$(TARGET_NAME)";
				TEST_HOST = "$(BUILT_PRODUCTS_DIR)/470Proj.app/470Proj";
			};
			name = Release;
		};
/* End XCBuildConfiguration section */

/* Begin XCConfigurationList section */
		354ACD891ACB5CA900F52C24 /* Build configuration list for PBXProject "470Proj" */ = {
			isa = XCConfigurationList;
			buildConfigurations = (
				354ACDAF1ACB5CA900F52C24 /* Debug */,
				354ACDB01ACB5CA900F52C24 /* Release */,
			);
			defaultConfigurationIsVisible = 0;
			defaultConfigurationName = Release;
		};
		354ACDB11ACB5CA900F52C24 /* Build configuration list for PBXNativeTarget "470Proj" */ = {
			isa = XCConfigurationList;
			buildConfigurations = (
				354ACDB21ACB5CA900F52C24 /* Debug */,
				354ACDB31ACB5CA900F52C24 /* Release */,
			);
			defaultConfigurationIsVisible = 0;
			defaultConfigurationName = Release;
		};
		354ACDB41ACB5CA900F52C24 /* Build configuration list for PBXNativeTarget "470ProjTests" */ = {
			isa = XCConfigurationList;
			buildConfigurations = (
				354ACDB51ACB5CA900F52C24 /* Debug */,
				354ACDB61ACB5CA900F52C24 /* Release */,
			);
			defaultConfigurationIsVisible = 0;
			defaultConfigurationName = Release;
		};
/* End XCConfigurationList section */
	};
	rootObject = 354ACD861ACB5CA900F52C24 /* Project object */;
}
