// !$*UTF8*$!
{
	archiveVersion = 1;
	classes = {
	};
	objectVersion = 46;
	objects = {

/* Begin PBXBuildFile section */
		354ACD941ACB5CA900F52C24 /* main.m in Sources */ = {isa = PBXBuildFile; fileRef = 354ACD931ACB5CA900F52C24 /* main.m */; };
		354ACD971ACB5CA900F52C24 /* AppDelegate.m in Sources */ = {isa = PBXBuildFile; fileRef = 354ACD961ACB5CA900F52C24 /* AppDelegate.m */; };
		354ACD9A1ACB5CA900F52C24 /* ViewController.m in Sources */ = {isa = PBXBuildFile; fileRef = 354ACD991ACB5CA900F52C24 /* ViewController.m */; };
		354ACD9D1ACB5CA900F52C24 /* Main.storyboard in Resources */ = {isa = PBXBuildFile; fileRef = 354ACD9B1ACB5CA900F52C24 /* Main.storyboard */; };
		354ACD9F1ACB5CA900F52C24 /* Images.xcassets in Resources */ = {isa = PBXBuildFile; fileRef = 354ACD9E1ACB5CA900F52C24 /* Images.xcassets */; };
		354ACDA21ACB5CA900F52C24 /* LaunchScreen.xib in Resources */ = {isa = PBXBuildFile; fileRef = 354ACDA01ACB5CA900F52C24 /* LaunchScreen.xib */; };
		354ACDAE1ACB5CA900F52C24 /* _70ProjTests.m in Sources */ = {isa = PBXBuildFile; fileRef = 354ACDAD1ACB5CA900F52C24 /* _70ProjTests.m */; };
		354ACDBD1ACB652C00F52C24 /* enemy.m in Sources */ = {isa = PBXBuildFile; fileRef = 354ACDBA1ACB652C00F52C24 /* enemy.m */; };
		354ACDBE1ACB652C00F52C24 /* Game.m in Sources */ = {isa = PBXBuildFile; fileRef = 354ACDBC1ACB652C00F52C24 /* Game.m */; };
		354ACDFF1ACB769500F52C24 /* ship1.png in Resources */ = {isa = PBXBuildFile; fileRef = 354ACDFE1ACB769500F52C24 /* ship1.png */; };
		354ACE011ACB7BCA00F52C24 /* shipexpl1.png in Resources */ = {isa = PBXBuildFile; fileRef = 354ACE001ACB7BCA00F52C24 /* shipexpl1.png */; };
		3599FE451ACCC37A00437E2A /* earth.png in Resources */ = {isa = PBXBuildFile; fileRef = 3599FE441ACCC37A00437E2A /* earth.png */; };
		3599FE471ACCC38F00437E2A /* background.png in Resources */ = {isa = PBXBuildFile; fileRef = 3599FE461ACCC38F00437E2A /* background.png */; };
/* End PBXBuildFile section */

/* Begin PBXContainerItemProxy section */
		354ACDA81ACB5CA900F52C24 /* PBXContainerItemProxy */ = {
			isa = PBXContainerItemProxy;
			containerPortal = 354ACD861ACB5CA900F52C24 /* Project object */;
			proxyType = 1;
			remoteGlobalIDString = 354ACD8D1ACB5CA900F52C24;
			remoteInfo = 470Proj;
		};
/* End PBXContainerItemProxy section */

/* Begin PBXFileReference section */
		354ACD8E1ACB5CA900F52C24 /* 470Proj.app */ = {isa = PBXFileReference; explicitFileType = wrapper.application; includeInIndex = 0; path = 470Proj.app; sourceTree = BUILT_PRODUCTS_DIR; };
		354ACD921ACB5CA900F52C24 /* Info.plist */ = {isa = PBXFileReference; lastKnownFileType = text.plist.xml; path = Info.plist; sourceTree = "<group>"; };
		354ACD931ACB5CA900F52C24 /* main.m */ = {isa = PBXFileReference; lastKnownFileType = sourcecode.c.objc; path = main.m; sourceTree = "<group>"; };
		354ACD951ACB5CA900F52C24 /* AppDelegate.h */ = {isa = PBXFileReference; lastKnownFileType = sourcecode.c.h; path = AppDelegate.h; sourceTree = "<group>"; };
		354ACD961ACB5CA900F52C24 /* AppDelegate.m */ = {isa = PBXFileReference; lastKnownFileType = sourcecode.c.objc; path = AppDelegate.m; sourceTree = "<group>"; };
		354ACD981ACB5CA900F52C24 /* ViewController.h */ = {isa = PBXFileReference; lastKnownFileType = sourcecode.c.h; path = ViewController.h; sourceTree = "<group>"; };
		354ACD991ACB5CA900F52C24 /* ViewController.m */ = {isa = PBXFileReference; lastKnownFileType = sourcecode.c.objc; path = ViewController.m; sourceTree = "<group>"; };
		354ACD9C1ACB5CA900F52C24 /* Base */ = {isa = PBXFileReference; lastKnownFileType = file.storyboard; name = Base; path = Base.lproj/Main.storyboard; sourceTree = "<group>"; };
		354ACD9E1ACB5CA900F52C24 /* Images.xcassets */ = {isa = PBXFileReference; lastKnownFileType = folder.assetcatalog; path = Images.xcassets; sourceTree = "<group>"; };
		354ACDA11ACB5CA900F52C24 /* Base */ = {isa = PBXFileReference; lastKnownFileType = file.xib; name = Base; path = Base.lproj/LaunchScreen.xib; sourceTree = "<group>"; };
		354ACDA71ACB5CA900F52C24 /* 470ProjTests.xctest */ = {isa = PBXFileReference; explicitFileType = wrapper.cfbundle; includeInIndex = 0; path = 470ProjTests.xctest; sourceTree = BUILT_PRODUCTS_DIR; };
		354ACDAC1ACB5CA900F52C24 /* Info.plist */ = {isa = PBXFileReference; lastKnownFileType = text.plist.xml; path = Info.plist; sourceTree = "<group>"; };
		354ACDAD1ACB5CA900F52C24 /* _70ProjTests.m */ = {isa = PBXFileReference; lastKnownFileType = sourcecode.c.objc; path = _70ProjTests.m; sourceTree = "<group>"; };
		354ACDB91ACB652C00F52C24 /* enemy.h */ = {isa = PBXFileReference; fileEncoding = 4; lastKnownFileType = sourcecode.c.h; name = enemy.h; path = "../../Space Shooter 470/Space Shooter 470/enemy.h"; sourceTree = "<group>"; };
		354ACDBA1ACB652C00F52C24 /* enemy.m */ = {isa = PBXFileReference; fileEncoding = 4; lastKnownFileType = sourcecode.c.objc; name = enemy.m; path = "../../Space Shooter 470/Space Shooter 470/enemy.m"; sourceTree = "<group>"; };
		354ACDBB1ACB652C00F52C24 /* Game.h */ = {isa = PBXFileReference; fileEncoding = 4; lastKnownFileType = sourcecode.c.h; name = Game.h; path = "../../Space Shooter 470/Space Shooter 470/Game.h"; sourceTree = "<group>"; };
		354ACDBC1ACB652C00F52C24 /* Game.m */ = {isa = PBXFileReference; fileEncoding = 4; lastKnownFileType = sourcecode.c.objc; name = Game.m; path = "../../Space Shooter 470/Space Shooter 470/Game.m"; sourceTree = "<group>"; };
		354ACDFE1ACB769500F52C24 /* ship1.png */ = {isa = PBXFileReference; lastKnownFileType = image.png; name = ship1.png; path = ../../artassets/ship1.png; sourceTree = "<group>"; };
		354ACE001ACB7BCA00F52C24 /* shipexpl1.png */ = {isa = PBXFileReference; lastKnownFileType = image.png; name = shipexpl1.png; path = ../../artassets/shipexpl1.png; sourceTree = "<group>"; };
		3599FE441ACCC37A00437E2A /* earth.png */ = {isa = PBXFileReference; lastKnownFileType = image.png; path = earth.png; sourceTree = "<group>"; };
		3599FE461ACCC38F00437E2A /* background.png */ = {isa = PBXFileReference; lastKnownFileType = image.png; path = background.png; sourceTree = "<group>"; };
/* End PBXFileReference section */

/* Begin PBXFrameworksBuildPhase section */
		354ACD8B1ACB5CA900F52C24 /* Frameworks */ = {
			isa = PBXFrameworksBuildPhase;
			buildActionMask = 2147483647;
			files = (
			);
			runOnlyForDeploymentPostprocessing = 0;
		};
		354ACDA41ACB5CA900F52C24 /* Frameworks */ = {
			isa = PBXFrameworksBuildPhase;
			buildActionMask = 2147483647;
			files = (
			);
			runOnlyForDeploymentPostprocessing = 0;
		};
/* End PBXFrameworksBuildPhase section */

/* Begin PBXGroup section */
		354ACD851ACB5CA900F52C24 = {
			isa = PBXGroup;
			children = (
				354ACD901ACB5CA900F52C24 /* 470Proj */,
				354ACDAA1ACB5CA900F52C24 /* 470ProjTests */,
				354ACD8F1ACB5CA900F52C24 /* Products */,
			);
			sourceTree = "<group>";
		};
		354ACD8F1ACB5CA900F52C24 /* Products */ = {
			isa = PBXGroup;
			children = (
				354ACD8E1ACB5CA900F52C24 /* 470Proj.app */,
				354ACDA71ACB5CA900F52C24 /* 470ProjTests.xctest */,
			);
			name = Products;
			sourceTree = "<group>";
		};
		354ACD901ACB5CA900F52C24 /* 470Proj */ = {
			isa = PBXGroup;
			children = (
				354ACDB91ACB652C00F52C24 /* enemy.h */,
				354ACDBA1ACB652C00F52C24 /* enemy.m */,
				354ACDBB1ACB652C00F52C24 /* Game.h */,
				354ACDBC1ACB652C00F52C24 /* Game.m */,
				354ACD951ACB5CA900F52C24 /* AppDelegate.h */,
				354ACD961ACB5CA900F52C24 /* AppDelegate.m */,
				354ACD981ACB5CA900F52C24 /* ViewController.h */,
				354ACD991ACB5CA900F52C24 /* ViewController.m */,
				354ACD9B1ACB5CA900F52C24 /* Main.storyboard */,
				354ACD9E1ACB5CA900F52C24 /* Images.xcassets */,
				354ACDA01ACB5CA900F52C24 /* LaunchScreen.xib */,
				354ACD911ACB5CA900F52C24 /* Supporting Files */,
			);
			path = 470Proj;
			sourceTree = "<group>";
		};
		354ACD911ACB5CA900F52C24 /* Supporting Files */ = {
			isa = PBXGroup;
			children = (
				3599FE461ACCC38F00437E2A /* background.png */,
				3599FE441ACCC37A00437E2A /* earth.png */,
				354ACDFE1ACB769500F52C24 /* ship1.png */,
				354ACE001ACB7BCA00F52C24 /* shipexpl1.png */,
				354ACD921ACB5CA900F52C24 /* Info.plist */,
				354ACD931ACB5CA900F52C24 /* main.m */,
			);
			name = "Supporting Files";
			sourceTree = "<group>";
		};
		354ACDAA1ACB5CA900F52C24 /* 470ProjTests */ = {
			isa = PBXGroup;
			children = (
				354ACDAD1ACB5CA900F52C24 /* _70ProjTests.m */,
				354ACDAB1ACB5CA900F52C24 /* Supporting Files */,
			);
			path = 470ProjTests;
			sourceTree = "<group>";
		};
		354ACDAB1ACB5CA900F52C24 /* Supporting Files */ = {
			isa = PBXGroup;
			children = (
				354ACDAC1ACB5CA900F52C24 /* Info.plist */,
			);
			name = "Supporting Files";
			sourceTree = "<group>";
		};
/* End PBXGroup section */

/* Begin PBXNativeTarget section */
		354ACD8D1ACB5CA900F52C24 /* 470Proj */ = {
			isa = PBXNativeTarget;
			buildConfigurationList = 354ACDB11ACB5CA900F52C24 /* Build configuration list for PBXNativeTarget "470Proj" */;
			buildPhases = (
				354ACD8A1ACB5CA900F52C24 /* Sources */,
				354ACD8B1ACB5CA900F52C24 /* Frameworks */,
				354ACD8C1ACB5CA900F52C24 /* Resources */,
			);
			buildRules = (
			);
			dependencies = (
			);
			name = 470Proj;
			productName = 470Proj;
			productReference = 354ACD8E1ACB5CA900F52C24 /* 470Proj.app */;
			productType = "com.apple.product-type.application";
		};
		354ACDA61ACB5CA900F52C24 /* 470ProjTests */ = {
			isa = PBXNativeTarget;
			buildConfigurationList = 354ACDB41ACB5CA900F52C24 /* Build configuration list for PBXNativeTarget "470ProjTests" */;
			buildPhases = (
				354ACDA31ACB5CA900F52C24 /* Sources */,
				354ACDA41ACB5CA900F52C24 /* Frameworks */,
				354ACDA51ACB5CA900F52C24 /* Resources */,
			);
			buildRules = (
			);
			dependencies = (
				354ACDA91ACB5CA900F52C24 /* PBXTargetDependency */,
			);
			name = 470ProjTests;
			productName = 470ProjTests;
			productReference = 354ACDA71ACB5CA900F52C24 /* 470ProjTests.xctest */;
			productType = "com.apple.product-type.bundle.unit-test";
		};
/* End PBXNativeTarget section */

/* Begin PBXProject section */
		354ACD861ACB5CA900F52C24 /* Project object */ = {
			isa = PBXProject;
			attributes = {
				LastUpgradeCheck = 0610;
				ORGANIZATIONNAME = SSU;
				TargetAttributes = {
					354ACD8D1ACB5CA900F52C24 = {
						CreatedOnToolsVersion = 6.1;
					};
					354ACDA61ACB5CA900F52C24 = {
						CreatedOnToolsVersion = 6.1;
						TestTargetID = 354ACD8D1ACB5CA900F52C24;
					};
				};
			};
			buildConfigurationList = 354ACD891ACB5CA900F52C24 /* Build configuration list for PBXProject "470Proj" */;
			compatibilityVersion = "Xcode 3.2";
			developmentRegion = English;
			hasScannedForEncodings = 0;
			knownRegions = (
				en,
				Base,
			);
			mainGroup = 354ACD851ACB5CA900F52C24;
			productRefGroup = 354ACD8F1ACB5CA900F52C24 /* Products */;
			projectDirPath = "";
			projectRoot = "";
			targets = (
				354ACD8D1ACB5CA900F52C24 /* 470Proj */,
				354ACDA61ACB5CA900F52C24 /* 470ProjTests */,
			);
		};
/* End PBXProject section */

/* Begin PBXResourcesBuildPhase section */
		354ACD8C1ACB5CA900F52C24 /* Resources */ = {
			isa = PBXResourcesBuildPhase;
			buildActionMask = 2147483647;
			files = (
				3599FE451ACCC37A00437E2A /* earth.png in Resources */,
				3599FE471ACCC38F00437E2A /* background.png in Resources */,
				354ACE011ACB7BCA00F52C24 /* shipexpl1.png in Resources */,
				354ACD9D1ACB5CA900F52C24 /* Main.storyboard in Resources */,
				354ACDFF1ACB769500F52C24 /* ship1.png in Resources */,
				354ACDA21ACB5CA900F52C24 /* LaunchScreen.xib in Resources */,
				354ACD9F1ACB5CA900F52C24 /* Images.xcassets in Resources */,
			);
			runOnlyForDeploymentPostprocessing = 0;
		};
		354ACDA51ACB5CA900F52C24 /* Resources */ = {
			isa = PBXResourcesBuildPhase;
			buildActionMask = 2147483647;
			files = (
			);
			runOnlyForDeploymentPostprocessing = 0;
		};
/* End PBXResourcesBuildPhase section */

/* Begin PBXSourcesBuildPhase section */
		354ACD8A1ACB5CA900F52C24 /* Sources */ = {
			isa = PBXSourcesBuildPhase;
			buildActionMask = 2147483647;
			files = (
				354ACDBE1ACB652C00F52C24 /* Game.m in Sources */,
				354ACDBD1ACB652C00F52C24 /* enemy.m in Sources */,
				354ACD9A1ACB5CA900F52C24 /* ViewController.m in Sources */,
				354ACD971ACB5CA900F52C24 /* AppDelegate.m in Sources */,
				354ACD941ACB5CA900F52C24 /* main.m in Sources */,
			);
			runOnlyForDeploymentPostprocessing = 0;
		};
		354ACDA31ACB5CA900F52C24 /* Sources */ = {
			isa = PBXSourcesBuildPhase;
			buildActionMask = 2147483647;
			files = (
				354ACDAE1ACB5CA900F52C24 /* _70ProjTests.m in Sources */,
			);
			runOnlyForDeploymentPostprocessing = 0;
		};
/* End PBXSourcesBuildPhase section */

/* Begin PBXTargetDependency section */
		354ACDA91ACB5CA900F52C24 /* PBXTargetDependency */ = {
			isa = PBXTargetDependency;
			target = 354ACD8D1ACB5CA900F52C24 /* 470Proj */;
			targetProxy = 354ACDA81ACB5CA900F52C24 /* PBXContainerItemProxy */;
		};
/* End PBXTargetDependency section */

/* Begin PBXVariantGroup section */
		354ACD9B1ACB5CA900F52C24 /* Main.storyboard */ = {
			isa = PBXVariantGroup;
			children = (
				354ACD9C1ACB5CA900F52C24 /* Base */,
			);
			name = Main.storyboard;
			sourceTree = "<group>";
		};
		354ACDA01ACB5CA900F52C24 /* LaunchScreen.xib */ = {
			isa = PBXVariantGroup;
			children = (
				354ACDA11ACB5CA900F52C24 /* Base */,
			);
			name = LaunchScreen.xib;
			sourceTree = "<group>";
		};
/* End PBXVariantGroup section */

/* Begin XCBuildConfiguration section */
		354ACDAF1ACB5CA900F52C24 /* Debug */ = {
			isa = XCBuildConfiguration;
			buildSettings = {
				ALWAYS_SEARCH_USER_PATHS = NO;
				CLANG_CXX_LANGUAGE_STANDARD = "gnu++0x";
				CLANG_CXX_LIBRARY = "libc++";
				CLANG_ENABLE_MODULES = YES;
				CLANG_ENABLE_OBJC_ARC = YES;
				CLANG_WARN_BOOL_CONVERSION = YES;
				CLANG_WARN_CONSTANT_CONVERSION = YES;
				CLANG_WARN_DIRECT_OBJC_ISA_USAGE = YES_ERROR;
				CLANG_WARN_EMPTY_BODY = YES;
				CLANG_WARN_ENUM_CONVERSION = YES;
				CLANG_WARN_INT_CONVERSION = YES;
				CLANG_WARN_OBJC_ROOT_CLASS = YES_ERROR;
				CLANG_WARN_UNREACHABLE_CODE = YES;
				CLANG_WARN__DUPLICATE_METHOD_MATCH = YES;
				"CODE_SIGN_IDENTITY[sdk=iphoneos*]" = "iPhone Developer";
				COPY_PHASE_STRIP = NO;
				ENABLE_STRICT_OBJC_MSGSEND = YES;
				GCC_C_LANGUAGE_STANDARD = gnu99;
				GCC_DYNAMIC_NO_PIC = NO;
				GCC_OPTIMIZATION_LEVEL = 0;
				GCC_PREPROCESSOR_DEFINITIONS = (
					"DEBUG=1",
					"$(inherited)",
				);
				GCC_SYMBOLS_PRIVATE_EXTERN = NO;
				GCC_WARN_64_TO_32_BIT_CONVERSION = YES;
				GCC_WARN_ABOUT_RETURN_TYPE = YES_ERROR;
				GCC_WARN_UNDECLARED_SELECTOR = YES;
				GCC_WARN_UNINITIALIZED_AUTOS = YES_AGGRESSIVE;
				GCC_WARN_UNUSED_FUNCTION = YES;
				GCC_WARN_UNUSED_VARIABLE = YES;
				IPHONEOS_DEPLOYMENT_TARGET = 8.1;
				MTL_ENABLE_DEBUG_INFO = YES;
				ONLY_ACTIVE_ARCH = YES;
				SDKROOT = iphoneos;
			};
			name = Debug;
		};
		354ACDB01ACB5CA900F52C24 /* Release */ = {
			isa = XCBuildConfiguration;
			buildSettings = {
				ALWAYS_SEARCH_USER_PATHS = NO;
				CLANG_CXX_LANGUAGE_STANDARD = "gnu++0x";
				CLANG_CXX_LIBRARY = "libc++";
				CLANG_ENABLE_MODULES = YES;
				CLANG_ENABLE_OBJC_ARC = YES;
				CLANG_WARN_BOOL_CONVERSION = YES;
				CLANG_WARN_CONSTANT_CONVERSION = YES;
				CLANG_WARN_DIRECT_OBJC_ISA_USAGE = YES_ERROR;
				CLANG_WARN_EMPTY_BODY = YES;
				CLANG_WARN_ENUM_CONVERSION = YES;
				CLANG_WARN_INT_CONVERSION = YES;
				CLANG_WARN_OBJC_ROOT_CLASS = YES_ERROR;
				CLANG_WARN_UNREACHABLE_CODE = YES;
				CLANG_WARN__DUPLICATE_METHOD_MATCH = YES;
				"CODE_SIGN_IDENTITY[sdk=iphoneos*]" = "iPhone Developer";
				COPY_PHASE_STRIP = YES;
				ENABLE_NS_ASSERTIONS = NO;
				ENABLE_STRICT_OBJC_MSGSEND = YES;
				GCC_C_LANGUAGE_STANDARD = gnu99;
				GCC_WARN_64_TO_32_BIT_CONVERSION = YES;
				GCC_WARN_ABOUT_RETURN_TYPE = YES_ERROR;
				GCC_WARN_UNDECLARED_SELECTOR = YES;
				GCC_WARN_UNINITIALIZED_AUTOS = YES_AGGRESSIVE;
				GCC_WARN_UNUSED_FUNCTION = YES;
				GCC_WARN_UNUSED_VARIABLE = YES;
				IPHONEOS_DEPLOYMENT_TARGET = 8.1;
				MTL_ENABLE_DEBUG_INFO = NO;
				SDKROOT = iphoneos;
				VALIDATE_PRODUCT = YES;
			};
			name = Release;
		};
		354ACDB21ACB5CA900F52C24 /* Debug */ = {
			isa = XCBuildConfiguration;
			buildSettings = {
				ASSETCATALOG_COMPILER_APPICON_NAME = AppIcon;
				INFOPLIST_FILE = 470Proj/Info.plist;
				LD_RUNPATH_SEARCH_PATHS = "$(inherited) @executable_path/Frameworks";
				PRODUCT_NAME = "$(TARGET_NAME)";
			};
			name = Debug;
		};
		354ACDB31ACB5CA900F52C24 /* Release */ = {
			isa = XCBuildConfiguration;
			buildSettings = {
				ASSETCATALOG_COMPILER_APPICON_NAME = AppIcon;
				INFOPLIST_FILE = 470Proj/Info.plist;
				LD_RUNPATH_SEARCH_PATHS = "$(inherited) @executable_path/Frameworks";
				PRODUCT_NAME = "$(TARGET_NAME)";
			};
			name = Release;
		};
		354ACDB51ACB5CA900F52C24 /* Debug */ = {
			isa = XCBuildConfiguration;
			buildSettings = {
				BUNDLE_LOADER = "$(TEST_HOST)";
				FRAMEWORK_SEARCH_PATHS = (
					"$(SDKROOT)/Developer/Library/Frameworks",
					"$(inherited)",
				);
				GCC_PREPROCESSOR_DEFINITIONS = (
					"DEBUG=1",
					"$(inherited)",
				);
				INFOPLIST_FILE = 470ProjTests/Info.plist;
				LD_RUNPATH_SEARCH_PATHS = "$(inherited) @executable_path/Frameworks @loader_path/Frameworks";
				PRODUCT_NAME = "$(TARGET_NAME)";
				TEST_HOST = "$(BUILT_PRODUCTS_DIR)/470Proj.app/470Proj";
			};
			name = Debug;
		};
		354ACDB61ACB5CA900F52C24 /* Release */ = {
			isa = XCBuildConfiguration;
			buildSettings = {
				BUNDLE_LOADER = "$(TEST_HOST)";
				FRAMEWORK_SEARCH_PATHS = (
					"$(SDKROOT)/Developer/Library/Frameworks",
					"$(inherited)",
				);
				INFOPLIST_FILE = 470ProjTests/Info.plist;
				LD_RUNPATH_SEARCH_PATHS = "$(inherited) @executable_path/Frameworks @loader_path/Frameworks";
				PRODUCT_NAME = "$(TARGET_NAME)";
				TEST_HOST = "$(BUILT_PRODUCTS_DIR)/470Proj.app/470Proj";
			};
			name = Release;
		};
/* End XCBuildConfiguration section */

/* Begin XCConfigurationList section */
		354ACD891ACB5CA900F52C24 /* Build configuration list for PBXProject "470Proj" */ = {
			isa = XCConfigurationList;
			buildConfigurations = (
				354ACDAF1ACB5CA900F52C24 /* Debug */,
				354ACDB01ACB5CA900F52C24 /* Release */,
			);
			defaultConfigurationIsVisible = 0;
			defaultConfigurationName = Release;
		};
		354ACDB11ACB5CA900F52C24 /* Build configuration list for PBXNativeTarget "470Proj" */ = {
			isa = XCConfigurationList;
			buildConfigurations = (
				354ACDB21ACB5CA900F52C24 /* Debug */,
				354ACDB31ACB5CA900F52C24 /* Release */,
			);
			defaultConfigurationIsVisible = 0;
			defaultConfigurationName = Release;
		};
		354ACDB41ACB5CA900F52C24 /* Build configuration list for PBXNativeTarget "470ProjTests" */ = {
			isa = XCConfigurationList;
			buildConfigurations = (
				354ACDB51ACB5CA900F52C24 /* Debug */,
				354ACDB61ACB5CA900F52C24 /* Release */,
			);
			defaultConfigurationIsVisible = 0;
			defaultConfigurationName = Release;
		};
/* End XCConfigurationList section */
	};
	rootObject = 354ACD861ACB5CA900F52C24 /* Project object */;
}
